openapi: 3.0.3
info:
  title: Chums Types
  version: n/a
  x-comment: >-
    Generated by core-types-json-schema
    (https://github.com/grantila/core-types-json-schema) on behalf of typeconv
    (https://github.com/grantila/typeconv)
paths: {}
components:
  schemas:
    BannerImage:
      properties:
        id:
          title: BannerImage.id
          type: number
        filename:
          title: BannerImage.filename
          type: string
        altText:
          title: BannerImage.altText
          type: string
        overlay:
          title: BannerImage.overlay
          type: string
        active:
          anyOf:
            - title: BannerImage.active
              type: boolean
            - enum:
                - 1
                - 0
              title: BannerImage.active
              type: number
          title: BannerImage.active
        timestamp:
          title: BannerImage.timestamp
          type: string
      required:
        - id
        - overlay
        - active
      additionalProperties: false
      title: BannerImage
      type: object
    PayPeriod:
      properties:
        id:
          title: PayPeriod.id
          type: number
        startDate:
          title: PayPeriod.startDate
          type: string
        endDate:
          title: PayPeriod.endDate
          type: string
        completed:
          title: PayPeriod.completed
          type: boolean
      required:
        - id
        - startDate
        - endDate
        - completed
      additionalProperties: false
      title: PayPeriod
      type: object
